
Microsoft Visual Studio Solution File, Format Version 12.00
# Visual Studio Version 16
VisualStudioVersion = 16.0.29324.140
MinimumVisualStudioVersion = 10.0.40219.1
Project("{9A19103F-16F7-4668-BE54-9A1E7A4F7556}") = "BeanBot", "BeanBot\BeanBot.csproj", "{B6955B5C-228E-469C-B841-90B5132B5D63}"
EndProject
Project("{2150E333-8FDC-42A3-9474-1A3956D46DE8}") = "Solution Items", "Solution Items", "{1374A34B-D07F-4AC5-B198-D695033F4D09}"
	ProjectSection(SolutionItems) = preProject
		.gitignore = .gitignore
		LICENSE = LICENSE
		README.md = README.md
	EndProjectSection
EndProject
Project("{9A19103F-16F7-4668-BE54-9A1E7A4F7556}") = "BeanBotUnitTests", "BeanBotUnitTests\BeanBotUnitTests.csproj", "{FF9CC6D3-AEDD-4CA8-9C79-6417F7BA541D}"
EndProject
Global
	GlobalSection(SolutionConfigurationPlatforms) = preSolution
		Debug|Any CPU = Debug|Any CPU
		Release|Any CPU = Release|Any CPU
	EndGlobalSection
	GlobalSection(ProjectConfigurationPlatforms) = postSolution
		{B6955B5C-228E-469C-B841-90B5132B5D63}.Debug|Any CPU.ActiveCfg = Release|Any CPU
		{B6955B5C-228E-469C-B841-90B5132B5D63}.Debug|Any CPU.Build.0 = Release|Any CPU
		{B6955B5C-228E-469C-B841-90B5132B5D63}.Release|Any CPU.ActiveCfg = Release|Any CPU
		{B6955B5C-228E-469C-B841-90B5132B5D63}.Release|Any CPU.Build.0 = Release|Any CPU
		{FF9CC6D3-AEDD-4CA8-9C79-6417F7BA541D}.Debug|Any CPU.ActiveCfg = Release|Any CPU
		{FF9CC6D3-AEDD-4CA8-9C79-6417F7BA541D}.Debug|Any CPU.Build.0 = Release|Any CPU
		{FF9CC6D3-AEDD-4CA8-9C79-6417F7BA541D}.Release|Any CPU.ActiveCfg = Release|Any CPU
		{FF9CC6D3-AEDD-4CA8-9C79-6417F7BA541D}.Release|Any CPU.Build.0 = Release|Any CPU
	EndGlobalSection
	GlobalSection(SolutionProperties) = preSolution
		HideSolutionNode = FALSE
	EndGlobalSection
	GlobalSection(ExtensibilityGlobals) = postSolution
		SolutionGuid = {93F0535D-702D-4216-8CAC-7B88EEA29C27}
	EndGlobalSection
EndGlobal
