
Microsoft Visual Studio Solution File, Format Version 12.00
# Visual Studio Version 16
VisualStudioVersion = 16.0.29324.140
MinimumVisualStudioVersion = 10.0.40219.1
Project("{FAE04EC0-301F-11D3-BF4B-00C04F79EFBC}") = "BeanBot", "BeanBot.csproj", "{71AFFC16-9499-4E98-90B7-DD7B0754E8AE}"
EndProject
Global
	GlobalSection(SolutionConfigurationPlatforms) = preSolution
		Debug|Any CPU = Debug|Any CPU
		Release|Any CPU = Release|Any CPU
	EndGlobalSection
	GlobalSection(ProjectConfigurationPlatforms) = postSolution
		{71AFFC16-9499-4E98-90B7-DD7B0754E8AE}.Debug|Any CPU.ActiveCfg = Debug|Any CPU
		{71AFFC16-9499-4E98-90B7-DD7B0754E8AE}.Debug|Any CPU.Build.0 = Debug|Any CPU
		{71AFFC16-9499-4E98-90B7-DD7B0754E8AE}.Release|Any CPU.ActiveCfg = Release|Any CPU
		{71AFFC16-9499-4E98-90B7-DD7B0754E8AE}.Release|Any CPU.Build.0 = Release|Any CPU
	EndGlobalSection
	GlobalSection(SolutionProperties) = preSolution
		HideSolutionNode = FALSE
	EndGlobalSection
	GlobalSection(ExtensibilityGlobals) = postSolution
		SolutionGuid = {93F0535D-702D-4216-8CAC-7B88EEA29C27}
	EndGlobalSection
EndGlobal
